
Microsoft Visual Studio Solution File, Format Version 12.00
# Visual Studio Version 17
VisualStudioVersion = 17.7.34009.444
MinimumVisualStudioVersion = 10.0.40219.1
Project("{9A19103F-16F7-4668-BE54-9A1E7A4F7556}") = "ECommerce.Api.Products", "ECommerce.Api.Products\ECommerce.Api.Products.csproj", "{0CA2E895-E8C0-489E-9171-1FAEA22FD87A}"
EndProject
Project("{9A19103F-16F7-4668-BE54-9A1E7A4F7556}") = "ECommerce.Api.Customers", "ECommerce.Api.Customers\ECommerce.Api.Customers.csproj", "{67BE72E9-7F42-4072-9CC7-1173EF491E90}"
EndProject
Project("{9A19103F-16F7-4668-BE54-9A1E7A4F7556}") = "ECommerce.Api.Orders", "ECommerce.Api.Orders\ECommerce.Api.Orders.csproj", "{98100B5C-5FAC-47BF-8456-D291AA83BC3C}"
EndProject
Project("{9A19103F-16F7-4668-BE54-9A1E7A4F7556}") = "ECommerce.Api.Search", "ECommerce.Api.Search\ECommerce.Api.Search.csproj", "{3A3E85C7-49C1-4F2A-9ADE-3891A0FBABE1}"
EndProject
Project("{9A19103F-16F7-4668-BE54-9A1E7A4F7556}") = "ECommerce.Api.Products.Tests", "ECommerce.Api.Products.Tests\ECommerce.Api.Products.Tests.csproj", "{35B9AC95-6F78-4BB1-971D-51539DE44FD7}"
EndProject
Project("{E53339B2-1760-4266-BCC7-CA923CBCF16C}") = "docker-compose", "docker-compose.dcproj", "{393643CB-268E-49A9-AB28-250407D57622}"
EndProject
Global
	GlobalSection(SolutionConfigurationPlatforms) = preSolution
		Debug|Any CPU = Debug|Any CPU
		Release|Any CPU = Release|Any CPU
	EndGlobalSection
	GlobalSection(ProjectConfigurationPlatforms) = postSolution
		{0CA2E895-E8C0-489E-9171-1FAEA22FD87A}.Debug|Any CPU.ActiveCfg = Debug|Any CPU
		{0CA2E895-E8C0-489E-9171-1FAEA22FD87A}.Debug|Any CPU.Build.0 = Debug|Any CPU
		{0CA2E895-E8C0-489E-9171-1FAEA22FD87A}.Release|Any CPU.ActiveCfg = Release|Any CPU
		{0CA2E895-E8C0-489E-9171-1FAEA22FD87A}.Release|Any CPU.Build.0 = Release|Any CPU
		{67BE72E9-7F42-4072-9CC7-1173EF491E90}.Debug|Any CPU.ActiveCfg = Debug|Any CPU
		{67BE72E9-7F42-4072-9CC7-1173EF491E90}.Debug|Any CPU.Build.0 = Debug|Any CPU
		{67BE72E9-7F42-4072-9CC7-1173EF491E90}.Release|Any CPU.ActiveCfg = Release|Any CPU
		{67BE72E9-7F42-4072-9CC7-1173EF491E90}.Release|Any CPU.Build.0 = Release|Any CPU
		{98100B5C-5FAC-47BF-8456-D291AA83BC3C}.Debug|Any CPU.ActiveCfg = Debug|Any CPU
		{98100B5C-5FAC-47BF-8456-D291AA83BC3C}.Debug|Any CPU.Build.0 = Debug|Any CPU
		{98100B5C-5FAC-47BF-8456-D291AA83BC3C}.Release|Any CPU.ActiveCfg = Release|Any CPU
		{98100B5C-5FAC-47BF-8456-D291AA83BC3C}.Release|Any CPU.Build.0 = Release|Any CPU
		{3A3E85C7-49C1-4F2A-9ADE-3891A0FBABE1}.Debug|Any CPU.ActiveCfg = Debug|Any CPU
		{3A3E85C7-49C1-4F2A-9ADE-3891A0FBABE1}.Debug|Any CPU.Build.0 = Debug|Any CPU
		{3A3E85C7-49C1-4F2A-9ADE-3891A0FBABE1}.Release|Any CPU.ActiveCfg = Release|Any CPU
		{3A3E85C7-49C1-4F2A-9ADE-3891A0FBABE1}.Release|Any CPU.Build.0 = Release|Any CPU
		{35B9AC95-6F78-4BB1-971D-51539DE44FD7}.Debug|Any CPU.ActiveCfg = Debug|Any CPU
		{35B9AC95-6F78-4BB1-971D-51539DE44FD7}.Debug|Any CPU.Build.0 = Debug|Any CPU
		{35B9AC95-6F78-4BB1-971D-51539DE44FD7}.Release|Any CPU.ActiveCfg = Release|Any CPU
		{35B9AC95-6F78-4BB1-971D-51539DE44FD7}.Release|Any CPU.Build.0 = Release|Any CPU
		{393643CB-268E-49A9-AB28-250407D57622}.Debug|Any CPU.ActiveCfg = Debug|Any CPU
		{393643CB-268E-49A9-AB28-250407D57622}.Debug|Any CPU.Build.0 = Debug|Any CPU
		{393643CB-268E-49A9-AB28-250407D57622}.Release|Any CPU.ActiveCfg = Release|Any CPU
		{393643CB-268E-49A9-AB28-250407D57622}.Release|Any CPU.Build.0 = Release|Any CPU
	EndGlobalSection
	GlobalSection(SolutionProperties) = preSolution
		HideSolutionNode = FALSE
	EndGlobalSection
	GlobalSection(ExtensibilityGlobals) = postSolution
		SolutionGuid = {04A3B480-8647-4998-9DDF-BBB7A65B01A9}
	EndGlobalSection
EndGlobal
